
Microsoft Visual Studio Solution File, Format Version 12.00
# Visual Studio Version 16
VisualStudioVersion = 25.0.1700.6
MinimumVisualStudioVersion = 10.0.40219.1
Project("{FAE04EC0-301F-11D3-BF4B-00C04F79EFBC}") = "StockMarket.StockMsgsProcessorService", "StockMarket.StockMsgsProcessorService\StockMarket.StockMsgsProcessorService.csproj", "{1BF322BB-3D65-465C-B581-D8CC468FF3B3}"
EndProject
Project("{FAE04EC0-301F-11D3-BF4B-00C04F79EFBC}") = "StockMarket.ChatService", "StockMarket.ChatService\StockMarket.ChatService.csproj", "{BB5069CD-03CB-4948-8337-AFAE7C807823}"
EndProject
Project("{FAE04EC0-301F-11D3-BF4B-00C04F79EFBC}") = "StockMarket.ChatService.Tests", "StockMarket.ChatService.Tests\StockMarket.ChatService.Tests.csproj", "{5B6996FA-374F-46D9-89D4-847D79878E41}"
EndProject
Global
	GlobalSection(SolutionConfigurationPlatforms) = preSolution
		Debug|Any CPU = Debug|Any CPU
		Release|Any CPU = Release|Any CPU
	EndGlobalSection
	GlobalSection(ProjectConfigurationPlatforms) = postSolution
		{1BF322BB-3D65-465C-B581-D8CC468FF3B3}.Debug|Any CPU.ActiveCfg = Debug|Any CPU
		{1BF322BB-3D65-465C-B581-D8CC468FF3B3}.Debug|Any CPU.Build.0 = Debug|Any CPU
		{1BF322BB-3D65-465C-B581-D8CC468FF3B3}.Release|Any CPU.ActiveCfg = Release|Any CPU
		{1BF322BB-3D65-465C-B581-D8CC468FF3B3}.Release|Any CPU.Build.0 = Release|Any CPU
		{BB5069CD-03CB-4948-8337-AFAE7C807823}.Debug|Any CPU.ActiveCfg = Debug|Any CPU
		{BB5069CD-03CB-4948-8337-AFAE7C807823}.Debug|Any CPU.Build.0 = Debug|Any CPU
		{BB5069CD-03CB-4948-8337-AFAE7C807823}.Release|Any CPU.ActiveCfg = Release|Any CPU
		{BB5069CD-03CB-4948-8337-AFAE7C807823}.Release|Any CPU.Build.0 = Release|Any CPU
		{5B6996FA-374F-46D9-89D4-847D79878E41}.Debug|Any CPU.ActiveCfg = Debug|Any CPU
		{5B6996FA-374F-46D9-89D4-847D79878E41}.Debug|Any CPU.Build.0 = Debug|Any CPU
		{5B6996FA-374F-46D9-89D4-847D79878E41}.Release|Any CPU.ActiveCfg = Release|Any CPU
		{5B6996FA-374F-46D9-89D4-847D79878E41}.Release|Any CPU.Build.0 = Release|Any CPU
	EndGlobalSection
	GlobalSection(SolutionProperties) = preSolution
		HideSolutionNode = FALSE
	EndGlobalSection
	GlobalSection(ExtensibilityGlobals) = postSolution
		SolutionGuid = {39ED50D9-860E-4227-A4D6-A0CBAF7BEF87}
	EndGlobalSection
EndGlobal
